
Microsoft Visual Studio Solution File, Format Version 12.00
# Visual Studio Version 16
VisualStudioVersion = 16.0.31321.278
MinimumVisualStudioVersion = 10.0.40219.1
Project("{FAE04EC0-301F-11D3-BF4B-00C04F79EFBC}") = "Assignment2_ISM6225", "Assignment2_ISM6225.csproj", "{4C227E09-06DE-46F4-8CC8-05E0A5B9A583}"
EndProject
Global
	GlobalSection(SolutionConfigurationPlatforms) = preSolution
		Debug|Any CPU = Debug|Any CPU
		Release|Any CPU = Release|Any CPU
	EndGlobalSection
	GlobalSection(ProjectConfigurationPlatforms) = postSolution
		{4C227E09-06DE-46F4-8CC8-05E0A5B9A583}.Debug|Any CPU.ActiveCfg = Debug|Any CPU
		{4C227E09-06DE-46F4-8CC8-05E0A5B9A583}.Debug|Any CPU.Build.0 = Debug|Any CPU
		{4C227E09-06DE-46F4-8CC8-05E0A5B9A583}.Release|Any CPU.ActiveCfg = Release|Any CPU
		{4C227E09-06DE-46F4-8CC8-05E0A5B9A583}.Release|Any CPU.Build.0 = Release|Any CPU
	EndGlobalSection
	GlobalSection(SolutionProperties) = preSolution
		HideSolutionNode = FALSE
	EndGlobalSection
	GlobalSection(ExtensibilityGlobals) = postSolution
		SolutionGuid = {5B89B810-69C9-4B6F-BEE4-F91585782DCB}
	EndGlobalSection
EndGlobal
